
Microsoft Visual Studio Solution File, Format Version 12.00
# Visual Studio Version 16
VisualStudioVersion = 16.0.29509.3
MinimumVisualStudioVersion = 10.0.40219.1
Project("{FAE04EC0-301F-11D3-BF4B-00C04F79EFBC}") = "ransomware", "ransomware\ransomware.csproj", "{DEF96A72-8FC7-4C05-AA40-301C2847DDD3}"
EndProject
Global
	GlobalSection(SolutionConfigurationPlatforms) = preSolution
		Debug|Any CPU = Debug|Any CPU
		Release|Any CPU = Release|Any CPU
	EndGlobalSection
	GlobalSection(ProjectConfigurationPlatforms) = postSolution
		{DEF96A72-8FC7-4C05-AA40-301C2847DDD3}.Debug|Any CPU.ActiveCfg = Debug|Any CPU
		{DEF96A72-8FC7-4C05-AA40-301C2847DDD3}.Debug|Any CPU.Build.0 = Debug|Any CPU
		{DEF96A72-8FC7-4C05-AA40-301C2847DDD3}.Release|Any CPU.ActiveCfg = Release|Any CPU
		{DEF96A72-8FC7-4C05-AA40-301C2847DDD3}.Release|Any CPU.Build.0 = Release|Any CPU
	EndGlobalSection
	GlobalSection(SolutionProperties) = preSolution
		HideSolutionNode = FALSE
	EndGlobalSection
	GlobalSection(ExtensibilityGlobals) = postSolution
		SolutionGuid = {4EA1BA44-E291-4080-8A05-EE47952480C0}
	EndGlobalSection
EndGlobal
